
Microsoft Visual Studio Solution File, Format Version 12.00
# Visual Studio Version 16
VisualStudioVersion = 16.0.31205.134
MinimumVisualStudioVersion = 10.0.40219.1
Project("{FAE04EC0-301F-11D3-BF4B-00C04F79EFBC}") = "FLOWERandGIFT", "FLOWERandGIFT\FLOWERandGIFT.csproj", "{31C7982D-5F7E-4000-87F9-93BBF09B6737}"
EndProject
Project("{FAE04EC0-301F-11D3-BF4B-00C04F79EFBC}") = "BLL", "BLL\BLL.csproj", "{21A0BC8E-AF2F-45A0-9F14-E9880DD939FC}"
EndProject
Project("{FAE04EC0-301F-11D3-BF4B-00C04F79EFBC}") = "DAL", "DAL\DAL.csproj", "{F7F0E25C-CB5F-40DA-B8D9-C17751883A2A}"
EndProject
Global
	GlobalSection(SolutionConfigurationPlatforms) = preSolution
		Debug|Any CPU = Debug|Any CPU
		Release|Any CPU = Release|Any CPU
	EndGlobalSection
	GlobalSection(ProjectConfigurationPlatforms) = postSolution
		{31C7982D-5F7E-4000-87F9-93BBF09B6737}.Debug|Any CPU.ActiveCfg = Debug|Any CPU
		{31C7982D-5F7E-4000-87F9-93BBF09B6737}.Debug|Any CPU.Build.0 = Debug|Any CPU
		{31C7982D-5F7E-4000-87F9-93BBF09B6737}.Release|Any CPU.ActiveCfg = Release|Any CPU
		{31C7982D-5F7E-4000-87F9-93BBF09B6737}.Release|Any CPU.Build.0 = Release|Any CPU
		{21A0BC8E-AF2F-45A0-9F14-E9880DD939FC}.Debug|Any CPU.ActiveCfg = Debug|Any CPU
		{21A0BC8E-AF2F-45A0-9F14-E9880DD939FC}.Debug|Any CPU.Build.0 = Debug|Any CPU
		{21A0BC8E-AF2F-45A0-9F14-E9880DD939FC}.Release|Any CPU.ActiveCfg = Release|Any CPU
		{21A0BC8E-AF2F-45A0-9F14-E9880DD939FC}.Release|Any CPU.Build.0 = Release|Any CPU
		{F7F0E25C-CB5F-40DA-B8D9-C17751883A2A}.Debug|Any CPU.ActiveCfg = Debug|Any CPU
		{F7F0E25C-CB5F-40DA-B8D9-C17751883A2A}.Debug|Any CPU.Build.0 = Debug|Any CPU
		{F7F0E25C-CB5F-40DA-B8D9-C17751883A2A}.Release|Any CPU.ActiveCfg = Release|Any CPU
		{F7F0E25C-CB5F-40DA-B8D9-C17751883A2A}.Release|Any CPU.Build.0 = Release|Any CPU
	EndGlobalSection
	GlobalSection(SolutionProperties) = preSolution
		HideSolutionNode = FALSE
	EndGlobalSection
	GlobalSection(ExtensibilityGlobals) = postSolution
		SolutionGuid = {9674F139-EA24-4A1A-9E62-E8324C3C8A9A}
	EndGlobalSection
EndGlobal
